// !$*UTF8*$!
{
	archiveVersion = 1;
	classes = {
	};
	objectVersion = 50;
	objects = {

/* Begin PBXBuildFile section */
		3A68C40E24610AE4004EF3C5 /* AppDelegate.swift in Sources */ = {isa = PBXBuildFile; fileRef = 3A68C40D24610AE4004EF3C5 /* AppDelegate.swift */; };
		3A68C41024610AE4004EF3C5 /* SceneDelegate.swift in Sources */ = {isa = PBXBuildFile; fileRef = 3A68C40F24610AE4004EF3C5 /* SceneDelegate.swift */; };
		3A68C41224610AE4004EF3C5 /* ViewController.swift in Sources */ = {isa = PBXBuildFile; fileRef = 3A68C41124610AE4004EF3C5 /* ViewController.swift */; };
		3A68C41524610AE4004EF3C5 /* Main.storyboard in Resources */ = {isa = PBXBuildFile; fileRef = 3A68C41324610AE4004EF3C5 /* Main.storyboard */; };
		3A68C41724610AE5004EF3C5 /* Assets.xcassets in Resources */ = {isa = PBXBuildFile; fileRef = 3A68C41624610AE5004EF3C5 /* Assets.xcassets */; };
		3A68C41A24610AE5004EF3C5 /* LaunchScreen.storyboard in Resources */ = {isa = PBXBuildFile; fileRef = 3A68C41824610AE5004EF3C5 /* LaunchScreen.storyboard */; };
		3A68C42324610B42004EF3C5 /* PhotoCollectionViewCell.swift in Sources */ = {isa = PBXBuildFile; fileRef = 3A68C42224610B42004EF3C5 /* PhotoCollectionViewCell.swift */; };
		3A68C42C24610C35004EF3C5 /* VirtualTour.xcdatamodeld in Sources */ = {isa = PBXBuildFile; fileRef = 3A68C42624610C35004EF3C5 /* VirtualTour.xcdatamodeld */; };
		3A68C42D24610C35004EF3C5 /* DataController.swift in Sources */ = {isa = PBXBuildFile; fileRef = 3A68C42824610C35004EF3C5 /* DataController.swift */; };
		3A68C42E24610C35004EF3C5 /* MapKit+Extension.swift in Sources */ = {isa = PBXBuildFile; fileRef = 3A68C42924610C35004EF3C5 /* MapKit+Extension.swift */; };
		3A68C42F24610C35004EF3C5 /* DataSource.swift in Sources */ = {isa = PBXBuildFile; fileRef = 3A68C42A24610C35004EF3C5 /* DataSource.swift */; };
		3A68C43024610C35004EF3C5 /* VirtualTourPointAnnotation.swift in Sources */ = {isa = PBXBuildFile; fileRef = 3A68C42B24610C35004EF3C5 /* VirtualTourPointAnnotation.swift */; };
		3A68C43724610C41004EF3C5 /* VTResponse.swift in Sources */ = {isa = PBXBuildFile; fileRef = 3A68C43224610C41004EF3C5 /* VTResponse.swift */; };
		3A68C43824610C41004EF3C5 /* SearchParams.swift in Sources */ = {isa = PBXBuildFile; fileRef = 3A68C43324610C41004EF3C5 /* SearchParams.swift */; };
		3A68C43924610C41004EF3C5 /* PhotoParams.swift in Sources */ = {isa = PBXBuildFile; fileRef = 3A68C43424610C41004EF3C5 /* PhotoParams.swift */; };
		3A68C43A24610C41004EF3C5 /* ResultPhoto.swift in Sources */ = {isa = PBXBuildFile; fileRef = 3A68C43524610C41004EF3C5 /* ResultPhoto.swift */; };
		3A68C43B24610C41004EF3C5 /* VTClient.swift in Sources */ = {isa = PBXBuildFile; fileRef = 3A68C43624610C41004EF3C5 /* VTClient.swift */; };
		3A68C43F24610C4E004EF3C5 /* SearchResult.swift in Sources */ = {isa = PBXBuildFile; fileRef = 3A68C43D24610C4E004EF3C5 /* SearchResult.swift */; };
		3A68C44024610C4E004EF3C5 /* PhotosResult.swift in Sources */ = {isa = PBXBuildFile; fileRef = 3A68C43E24610C4E004EF3C5 /* PhotosResult.swift */; };
		3A68C44424610CC5004EF3C5 /* MapViewController.swift in Sources */ = {isa = PBXBuildFile; fileRef = 3A68C44224610CC5004EF3C5 /* MapViewController.swift */; };
		3A68C44524610CC5004EF3C5 /* PhotoAlbumViewController.swift in Sources */ = {isa = PBXBuildFile; fileRef = 3A68C44324610CC5004EF3C5 /* PhotoAlbumViewController.swift */; };
/* End PBXBuildFile section */

/* Begin PBXFileReference section */
		3A68C40A24610AE4004EF3C5 /* Virtual Tour.app */ = {isa = PBXFileReference; explicitFileType = wrapper.application; includeInIndex = 0; path = "Virtual Tour.app"; sourceTree = BUILT_PRODUCTS_DIR; };
		3A68C40D24610AE4004EF3C5 /* AppDelegate.swift */ = {isa = PBXFileReference; lastKnownFileType = sourcecode.swift; path = AppDelegate.swift; sourceTree = "<group>"; };
		3A68C40F24610AE4004EF3C5 /* SceneDelegate.swift */ = {isa = PBXFileReference; lastKnownFileType = sourcecode.swift; path = SceneDelegate.swift; sourceTree = "<group>"; };
		3A68C41124610AE4004EF3C5 /* ViewController.swift */ = {isa = PBXFileReference; lastKnownFileType = sourcecode.swift; path = ViewController.swift; sourceTree = "<group>"; };
		3A68C41424610AE4004EF3C5 /* Base */ = {isa = PBXFileReference; lastKnownFileType = file.storyboard; name = Base; path = Base.lproj/Main.storyboard; sourceTree = "<group>"; };
		3A68C41624610AE5004EF3C5 /* Assets.xcassets */ = {isa = PBXFileReference; lastKnownFileType = folder.assetcatalog; path = Assets.xcassets; sourceTree = "<group>"; };
		3A68C41924610AE5004EF3C5 /* Base */ = {isa = PBXFileReference; lastKnownFileType = file.storyboard; name = Base; path = Base.lproj/LaunchScreen.storyboard; sourceTree = "<group>"; };
		3A68C41B24610AE5004EF3C5 /* Info.plist */ = {isa = PBXFileReference; lastKnownFileType = text.plist.xml; path = Info.plist; sourceTree = "<group>"; };
		3A68C42224610B42004EF3C5 /* PhotoCollectionViewCell.swift */ = {isa = PBXFileReference; lastKnownFileType = sourcecode.swift; path = PhotoCollectionViewCell.swift; sourceTree = "<group>"; };
		3A68C42724610C35004EF3C5 /* VirtualTour.xcdatamodel */ = {isa = PBXFileReference; lastKnownFileType = wrapper.xcdatamodel; path = VirtualTour.xcdatamodel; sourceTree = "<group>"; };
		3A68C42824610C35004EF3C5 /* DataController.swift */ = {isa = PBXFileReference; fileEncoding = 4; lastKnownFileType = sourcecode.swift; path = DataController.swift; sourceTree = "<group>"; };
		3A68C42924610C35004EF3C5 /* MapKit+Extension.swift */ = {isa = PBXFileReference; fileEncoding = 4; lastKnownFileType = sourcecode.swift; path = "MapKit+Extension.swift"; sourceTree = "<group>"; };
		3A68C42A24610C35004EF3C5 /* DataSource.swift */ = {isa = PBXFileReference; fileEncoding = 4; lastKnownFileType = sourcecode.swift; path = DataSource.swift; sourceTree = "<group>"; };
		3A68C42B24610C35004EF3C5 /* VirtualTourPointAnnotation.swift */ = {isa = PBXFileReference; fileEncoding = 4; lastKnownFileType = sourcecode.swift; path = VirtualTourPointAnnotation.swift; sourceTree = "<group>"; };
		3A68C43224610C41004EF3C5 /* VTResponse.swift */ = {isa = PBXFileReference; fileEncoding = 4; lastKnownFileType = sourcecode.swift; path = VTResponse.swift; sourceTree = "<group>"; };
		3A68C43324610C41004EF3C5 /* SearchParams.swift */ = {isa = PBXFileReference; fileEncoding = 4; lastKnownFileType = sourcecode.swift; path = SearchParams.swift; sourceTree = "<group>"; };
		3A68C43424610C41004EF3C5 /* PhotoParams.swift */ = {isa = PBXFileReference; fileEncoding = 4; lastKnownFileType = sourcecode.swift; path = PhotoParams.swift; sourceTree = "<group>"; };
		3A68C43524610C41004EF3C5 /* ResultPhoto.swift */ = {isa = PBXFileReference; fileEncoding = 4; lastKnownFileType = sourcecode.swift; path = ResultPhoto.swift; sourceTree = "<group>"; };
		3A68C43624610C41004EF3C5 /* VTClient.swift */ = {isa = PBXFileReference; fileEncoding = 4; lastKnownFileType = sourcecode.swift; path = VTClient.swift; sourceTree = "<group>"; };
		3A68C43D24610C4E004EF3C5 /* SearchResult.swift */ = {isa = PBXFileReference; fileEncoding = 4; lastKnownFileType = sourcecode.swift; path = SearchResult.swift; sourceTree = "<group>"; };
		3A68C43E24610C4E004EF3C5 /* PhotosResult.swift */ = {isa = PBXFileReference; fileEncoding = 4; lastKnownFileType = sourcecode.swift; path = PhotosResult.swift; sourceTree = "<group>"; };
		3A68C44224610CC5004EF3C5 /* MapViewController.swift */ = {isa = PBXFileReference; fileEncoding = 4; lastKnownFileType = sourcecode.swift; path = MapViewController.swift; sourceTree = "<group>"; };
		3A68C44324610CC5004EF3C5 /* PhotoAlbumViewController.swift */ = {isa = PBXFileReference; fileEncoding = 4; lastKnownFileType = sourcecode.swift; path = PhotoAlbumViewController.swift; sourceTree = "<group>"; };
/* End PBXFileReference section */

/* Begin PBXFrameworksBuildPhase section */
		3A68C40724610AE4004EF3C5 /* Frameworks */ = {
			isa = PBXFrameworksBuildPhase;
			buildActionMask = 2147483647;
			files = (
			);
			runOnlyForDeploymentPostprocessing = 0;
		};
/* End PBXFrameworksBuildPhase section */

/* Begin PBXGroup section */
		3A68C40124610AE4004EF3C5 = {
			isa = PBXGroup;
			children = (
				3A68C40C24610AE4004EF3C5 /* Virtual Tour */,
				3A68C40B24610AE4004EF3C5 /* Products */,
			);
			sourceTree = "<group>";
		};
		3A68C40B24610AE4004EF3C5 /* Products */ = {
			isa = PBXGroup;
			children = (
				3A68C40A24610AE4004EF3C5 /* Virtual Tour.app */,
			);
			name = Products;
			sourceTree = "<group>";
		};
		3A68C40C24610AE4004EF3C5 /* Virtual Tour */ = {
			isa = PBXGroup;
			children = (
				3A68C42124610AF8004EF3C5 /* View */,
				3A68C42424610B82004EF3C5 /* Model */,
				3A68C44124610CC5004EF3C5 /* ViewControllers */,
				3A68C40D24610AE4004EF3C5 /* AppDelegate.swift */,
				3A68C40F24610AE4004EF3C5 /* SceneDelegate.swift */,
				3A68C41124610AE4004EF3C5 /* ViewController.swift */,
				3A68C41324610AE4004EF3C5 /* Main.storyboard */,
				3A68C41624610AE5004EF3C5 /* Assets.xcassets */,
				3A68C41824610AE5004EF3C5 /* LaunchScreen.storyboard */,
				3A68C41B24610AE5004EF3C5 /* Info.plist */,
			);
			path = "Virtual Tour";
			sourceTree = "<group>";
		};
		3A68C42124610AF8004EF3C5 /* View */ = {
			isa = PBXGroup;
			children = (
				3A68C42224610B42004EF3C5 /* PhotoCollectionViewCell.swift */,
			);
			path = View;
			sourceTree = "<group>";
		};
		3A68C42424610B82004EF3C5 /* Model */ = {
			isa = PBXGroup;
			children = (
				3A68C43C24610C4E004EF3C5 /* VTResponse */,
				3A68C43124610C41004EF3C5 /* VTClient */,
				3A68C42524610C35004EF3C5 /* Data */,
			);
			path = Model;
			sourceTree = "<group>";
		};
		3A68C42524610C35004EF3C5 /* Data */ = {
			isa = PBXGroup;
			children = (
				3A68C42624610C35004EF3C5 /* VirtualTour.xcdatamodeld */,
				3A68C42824610C35004EF3C5 /* DataController.swift */,
				3A68C42924610C35004EF3C5 /* MapKit+Extension.swift */,
				3A68C42A24610C35004EF3C5 /* DataSource.swift */,
				3A68C42B24610C35004EF3C5 /* VirtualTourPointAnnotation.swift */,
			);
			path = Data;
			sourceTree = "<group>";
		};
		3A68C43124610C41004EF3C5 /* VTClient */ = {
			isa = PBXGroup;
			children = (
				3A68C43224610C41004EF3C5 /* VTResponse.swift */,
				3A68C43324610C41004EF3C5 /* SearchParams.swift */,
				3A68C43424610C41004EF3C5 /* PhotoParams.swift */,
				3A68C43524610C41004EF3C5 /* ResultPhoto.swift */,
				3A68C43624610C41004EF3C5 /* VTClient.swift */,
			);
			path = VTClient;
			sourceTree = "<group>";
		};
		3A68C43C24610C4E004EF3C5 /* VTResponse */ = {
			isa = PBXGroup;
			children = (
				3A68C43D24610C4E004EF3C5 /* SearchResult.swift */,
				3A68C43E24610C4E004EF3C5 /* PhotosResult.swift */,
			);
			path = VTResponse;
			sourceTree = "<group>";
		};
		3A68C44124610CC5004EF3C5 /* ViewControllers */ = {
			isa = PBXGroup;
			children = (
				3A68C44224610CC5004EF3C5 /* MapViewController.swift */,
				3A68C44324610CC5004EF3C5 /* PhotoAlbumViewController.swift */,
			);
			path = ViewControllers;
			sourceTree = "<group>";
		};
/* End PBXGroup section */

/* Begin PBXNativeTarget section */
		3A68C40924610AE4004EF3C5 /* Virtual Tour */ = {
			isa = PBXNativeTarget;
			buildConfigurationList = 3A68C41E24610AE5004EF3C5 /* Build configuration list for PBXNativeTarget "Virtual Tour" */;
			buildPhases = (
				3A68C40624610AE4004EF3C5 /* Sources */,
				3A68C40724610AE4004EF3C5 /* Frameworks */,
				3A68C40824610AE4004EF3C5 /* Resources */,
			);
			buildRules = (
			);
			dependencies = (
			);
			name = "Virtual Tour";
			productName = "Virtual Tour";
			productReference = 3A68C40A24610AE4004EF3C5 /* Virtual Tour.app */;
			productType = "com.apple.product-type.application";
		};
/* End PBXNativeTarget section */

/* Begin PBXProject section */
		3A68C40224610AE4004EF3C5 /* Project object */ = {
			isa = PBXProject;
			attributes = {
				LastSwiftUpdateCheck = 1140;
				LastUpgradeCheck = 1140;
				ORGANIZATIONNAME = thecoderpilot;
				TargetAttributes = {
					3A68C40924610AE4004EF3C5 = {
						CreatedOnToolsVersion = 11.4;
					};
				};
			};
			buildConfigurationList = 3A68C40524610AE4004EF3C5 /* Build configuration list for PBXProject "Virtual Tour" */;
			compatibilityVersion = "Xcode 9.3";
			developmentRegion = en;
			hasScannedForEncodings = 0;
			knownRegions = (
				en,
				Base,
			);
			mainGroup = 3A68C40124610AE4004EF3C5;
			productRefGroup = 3A68C40B24610AE4004EF3C5 /* Products */;
			projectDirPath = "";
			projectRoot = "";
			targets = (
				3A68C40924610AE4004EF3C5 /* Virtual Tour */,
			);
		};
/* End PBXProject section */

/* Begin PBXResourcesBuildPhase section */
		3A68C40824610AE4004EF3C5 /* Resources */ = {
			isa = PBXResourcesBuildPhase;
			buildActionMask = 2147483647;
			files = (
				3A68C41A24610AE5004EF3C5 /* LaunchScreen.storyboard in Resources */,
				3A68C41724610AE5004EF3C5 /* Assets.xcassets in Resources */,
				3A68C41524610AE4004EF3C5 /* Main.storyboard in Resources */,
			);
			runOnlyForDeploymentPostprocessing = 0;
		};
/* End PBXResourcesBuildPhase section */

/* Begin PBXSourcesBuildPhase section */
		3A68C40624610AE4004EF3C5 /* Sources */ = {
			isa = PBXSourcesBuildPhase;
			buildActionMask = 2147483647;
			files = (
				3A68C43824610C41004EF3C5 /* SearchParams.swift in Sources */,
				3A68C41224610AE4004EF3C5 /* ViewController.swift in Sources */,
				3A68C42D24610C35004EF3C5 /* DataController.swift in Sources */,
				3A68C42324610B42004EF3C5 /* PhotoCollectionViewCell.swift in Sources */,
				3A68C40E24610AE4004EF3C5 /* AppDelegate.swift in Sources */,
				3A68C43724610C41004EF3C5 /* VTResponse.swift in Sources */,
				3A68C43B24610C41004EF3C5 /* VTClient.swift in Sources */,
				3A68C43F24610C4E004EF3C5 /* SearchResult.swift in Sources */,
				3A68C42C24610C35004EF3C5 /* VirtualTour.xcdatamodeld in Sources */,
				3A68C44024610C4E004EF3C5 /* PhotosResult.swift in Sources */,
				3A68C41024610AE4004EF3C5 /* SceneDelegate.swift in Sources */,
				3A68C44524610CC5004EF3C5 /* PhotoAlbumViewController.swift in Sources */,
				3A68C43A24610C41004EF3C5 /* ResultPhoto.swift in Sources */,
				3A68C43024610C35004EF3C5 /* VirtualTourPointAnnotation.swift in Sources */,
				3A68C42F24610C35004EF3C5 /* DataSource.swift in Sources */,
				3A68C43924610C41004EF3C5 /* PhotoParams.swift in Sources */,
				3A68C42E24610C35004EF3C5 /* MapKit+Extension.swift in Sources */,
				3A68C44424610CC5004EF3C5 /* MapViewController.swift in Sources */,
			);
			runOnlyForDeploymentPostprocessing = 0;
		};
/* End PBXSourcesBuildPhase section */

/* Begin PBXVariantGroup section */
		3A68C41324610AE4004EF3C5 /* Main.storyboard */ = {
			isa = PBXVariantGroup;
			children = (
				3A68C41424610AE4004EF3C5 /* Base */,
			);
			name = Main.storyboard;
			sourceTree = "<group>";
		};
		3A68C41824610AE5004EF3C5 /* LaunchScreen.storyboard */ = {
			isa = PBXVariantGroup;
			children = (
				3A68C41924610AE5004EF3C5 /* Base */,
			);
			name = LaunchScreen.storyboard;
			sourceTree = "<group>";
		};
/* End PBXVariantGroup section */

/* Begin XCBuildConfiguration section */
		3A68C41C24610AE5004EF3C5 /* Debug */ = {
			isa = XCBuildConfiguration;
			buildSettings = {
				ALWAYS_SEARCH_USER_PATHS = NO;
				CLANG_ANALYZER_NONNULL = YES;
				CLANG_ANALYZER_NUMBER_OBJECT_CONVERSION = YES_AGGRESSIVE;
				CLANG_CXX_LANGUAGE_STANDARD = "gnu++14";
				CLANG_CXX_LIBRARY = "libc++";
				CLANG_ENABLE_MODULES = YES;
				CLANG_ENABLE_OBJC_ARC = YES;
				CLANG_ENABLE_OBJC_WEAK = YES;
				CLANG_WARN_BLOCK_CAPTURE_AUTORELEASING = YES;
				CLANG_WARN_BOOL_CONVERSION = YES;
				CLANG_WARN_COMMA = YES;
				CLANG_WARN_CONSTANT_CONVERSION = YES;
				CLANG_WARN_DEPRECATED_OBJC_IMPLEMENTATIONS = YES;
				CLANG_WARN_DIRECT_OBJC_ISA_USAGE = YES_ERROR;
				CLANG_WARN_DOCUMENTATION_COMMENTS = YES;
				CLANG_WARN_EMPTY_BODY = YES;
				CLANG_WARN_ENUM_CONVERSION = YES;
				CLANG_WARN_INFINITE_RECURSION = YES;
				CLANG_WARN_INT_CONVERSION = YES;
				CLANG_WARN_NON_LITERAL_NULL_CONVERSION = YES;
				CLANG_WARN_OBJC_IMPLICIT_RETAIN_SELF = YES;
				CLANG_WARN_OBJC_LITERAL_CONVERSION = YES;
				CLANG_WARN_OBJC_ROOT_CLASS = YES_ERROR;
				CLANG_WARN_RANGE_LOOP_ANALYSIS = YES;
				CLANG_WARN_STRICT_PROTOTYPES = YES;
				CLANG_WARN_SUSPICIOUS_MOVE = YES;
				CLANG_WARN_UNGUARDED_AVAILABILITY = YES_AGGRESSIVE;
				CLANG_WARN_UNREACHABLE_CODE = YES;
				CLANG_WARN__DUPLICATE_METHOD_MATCH = YES;
				COPY_PHASE_STRIP = NO;
				DEBUG_INFORMATION_FORMAT = dwarf;
				ENABLE_STRICT_OBJC_MSGSEND = YES;
				ENABLE_TESTABILITY = YES;
				GCC_C_LANGUAGE_STANDARD = gnu11;
				GCC_DYNAMIC_NO_PIC = NO;
				GCC_NO_COMMON_BLOCKS = YES;
				GCC_OPTIMIZATION_LEVEL = 0;
				GCC_PREPROCESSOR_DEFINITIONS = (
					"DEBUG=1",
					"$(inherited)",
				);
				GCC_WARN_64_TO_32_BIT_CONVERSION = YES;
				GCC_WARN_ABOUT_RETURN_TYPE = YES_ERROR;
				GCC_WARN_UNDECLARED_SELECTOR = YES;
				GCC_WARN_UNINITIALIZED_AUTOS = YES_AGGRESSIVE;
				GCC_WARN_UNUSED_FUNCTION = YES;
				GCC_WARN_UNUSED_VARIABLE = YES;
				IPHONEOS_DEPLOYMENT_TARGET = 13.4;
				MTL_ENABLE_DEBUG_INFO = INCLUDE_SOURCE;
				MTL_FAST_MATH = YES;
				ONLY_ACTIVE_ARCH = YES;
				SDKROOT = iphoneos;
				SWIFT_ACTIVE_COMPILATION_CONDITIONS = DEBUG;
				SWIFT_OPTIMIZATION_LEVEL = "-Onone";
			};
			name = Debug;
		};
		3A68C41D24610AE5004EF3C5 /* Release */ = {
			isa = XCBuildConfiguration;
			buildSettings = {
				ALWAYS_SEARCH_USER_PATHS = NO;
				CLANG_ANALYZER_NONNULL = YES;
				CLANG_ANALYZER_NUMBER_OBJECT_CONVERSION = YES_AGGRESSIVE;
				CLANG_CXX_LANGUAGE_STANDARD = "gnu++14";
				CLANG_CXX_LIBRARY = "libc++";
				CLANG_ENABLE_MODULES = YES;
				CLANG_ENABLE_OBJC_ARC = YES;
				CLANG_ENABLE_OBJC_WEAK = YES;
				CLANG_WARN_BLOCK_CAPTURE_AUTORELEASING = YES;
				CLANG_WARN_BOOL_CONVERSION = YES;
				CLANG_WARN_COMMA = YES;
				CLANG_WARN_CONSTANT_CONVERSION = YES;
				CLANG_WARN_DEPRECATED_OBJC_IMPLEMENTATIONS = YES;
				CLANG_WARN_DIRECT_OBJC_ISA_USAGE = YES_ERROR;
				CLANG_WARN_DOCUMENTATION_COMMENTS = YES;
				CLANG_WARN_EMPTY_BODY = YES;
				CLANG_WARN_ENUM_CONVERSION = YES;
				CLANG_WARN_INFINITE_RECURSION = YES;
				CLANG_WARN_INT_CONVERSION = YES;
				CLANG_WARN_NON_LITERAL_NULL_CONVERSION = YES;
				CLANG_WARN_OBJC_IMPLICIT_RETAIN_SELF = YES;
				CLANG_WARN_OBJC_LITERAL_CONVERSION = YES;
				CLANG_WARN_OBJC_ROOT_CLASS = YES_ERROR;
				CLANG_WARN_RANGE_LOOP_ANALYSIS = YES;
				CLANG_WARN_STRICT_PROTOTYPES = YES;
				CLANG_WARN_SUSPICIOUS_MOVE = YES;
				CLANG_WARN_UNGUARDED_AVAILABILITY = YES_AGGRESSIVE;
				CLANG_WARN_UNREACHABLE_CODE = YES;
				CLANG_WARN__DUPLICATE_METHOD_MATCH = YES;
				COPY_PHASE_STRIP = NO;
				DEBUG_INFORMATION_FORMAT = "dwarf-with-dsym";
				ENABLE_NS_ASSERTIONS = NO;
				ENABLE_STRICT_OBJC_MSGSEND = YES;
				GCC_C_LANGUAGE_STANDARD = gnu11;
				GCC_NO_COMMON_BLOCKS = YES;
				GCC_WARN_64_TO_32_BIT_CONVERSION = YES;
				GCC_WARN_ABOUT_RETURN_TYPE = YES_ERROR;
				GCC_WARN_UNDECLARED_SELECTOR = YES;
				GCC_WARN_UNINITIALIZED_AUTOS = YES_AGGRESSIVE;
				GCC_WARN_UNUSED_FUNCTION = YES;
				GCC_WARN_UNUSED_VARIABLE = YES;
				IPHONEOS_DEPLOYMENT_TARGET = 13.4;
				MTL_ENABLE_DEBUG_INFO = NO;
				MTL_FAST_MATH = YES;
				SDKROOT = iphoneos;
				SWIFT_COMPILATION_MODE = wholemodule;
				SWIFT_OPTIMIZATION_LEVEL = "-O";
				VALIDATE_PRODUCT = YES;
			};
			name = Release;
		};
		3A68C41F24610AE5004EF3C5 /* Debug */ = {
			isa = XCBuildConfiguration;
			buildSettings = {
				ASSETCATALOG_COMPILER_APPICON_NAME = AppIcon;
				CODE_SIGN_STYLE = Automatic;
				DEVELOPMENT_TEAM = MMSJ2DXRDG;
				INFOPLIST_FILE = "Virtual Tour/Info.plist";
				LD_RUNPATH_SEARCH_PATHS = (
					"$(inherited)",
					"@executable_path/Frameworks",
				);
				PRODUCT_BUNDLE_IDENTIFIER = "com.thecoderpilot.Virtual-Tour";
				PRODUCT_NAME = "$(TARGET_NAME)";
				SWIFT_VERSION = 5.0;
				TARGETED_DEVICE_FAMILY = "1,2";
			};
			name = Debug;
		};
		3A68C42024610AE5004EF3C5 /* Release */ = {
			isa = XCBuildConfiguration;
			buildSettings = {
				ASSETCATALOG_COMPILER_APPICON_NAME = AppIcon;
				CODE_SIGN_STYLE = Automatic;
				DEVELOPMENT_TEAM = MMSJ2DXRDG;
				INFOPLIST_FILE = "Virtual Tour/Info.plist";
				LD_RUNPATH_SEARCH_PATHS = (
					"$(inherited)",
					"@executable_path/Frameworks",
				);
				PRODUCT_BUNDLE_IDENTIFIER = "com.thecoderpilot.Virtual-Tour";
				PRODUCT_NAME = "$(TARGET_NAME)";
				SWIFT_VERSION = 5.0;
				TARGETED_DEVICE_FAMILY = "1,2";
			};
			name = Release;
		};
/* End XCBuildConfiguration section */

/* Begin XCConfigurationList section */
		3A68C40524610AE4004EF3C5 /* Build configuration list for PBXProject "Virtual Tour" */ = {
			isa = XCConfigurationList;
			buildConfigurations = (
				3A68C41C24610AE5004EF3C5 /* Debug */,
				3A68C41D24610AE5004EF3C5 /* Release */,
			);
			defaultConfigurationIsVisible = 0;
			defaultConfigurationName = Release;
		};
		3A68C41E24610AE5004EF3C5 /* Build configuration list for PBXNativeTarget "Virtual Tour" */ = {
			isa = XCConfigurationList;
			buildConfigurations = (
				3A68C41F24610AE5004EF3C5 /* Debug */,
				3A68C42024610AE5004EF3C5 /* Release */,
			);
			defaultConfigurationIsVisible = 0;
			defaultConfigurationName = Release;
		};
/* End XCConfigurationList section */

/* Begin XCVersionGroup section */
		3A68C42624610C35004EF3C5 /* VirtualTour.xcdatamodeld */ = {
			isa = XCVersionGroup;
			children = (
				3A68C42724610C35004EF3C5 /* VirtualTour.xcdatamodel */,
			);
			currentVersion = 3A68C42724610C35004EF3C5 /* VirtualTour.xcdatamodel */;
			path = VirtualTour.xcdatamodeld;
			sourceTree = "<group>";
			versionGroupType = wrapper.xcdatamodel;
		};
/* End XCVersionGroup section */
	};
	rootObject = 3A68C40224610AE4004EF3C5 /* Project object */;
}
